# THIS IS AN AUTOGENERATED FILE. DO NOT EDIT THIS FILE DIRECTLY.
# yarn lockfile v1


three@^0.128.0:
  version "0.128.0"
  resolved "https://registry.nlark.com/three/download/three-0.128.0.tgz?cache=0&sync_timestamp=1619177927305&other_urls=https%3A%2F%2Fregistry.nlark.com%2Fthree%2Fdownload%2Fthree-0.128.0.tgz#884dacca6a330e45600a09ec5439283f50b76aa6"
  integrity sha1-iE2symozDkVgCgnsVDkoP1C3aqY=
