# THIS IS AN AUTOGENERATED FILE. DO NOT EDIT THIS FILE DIRECTLY.
# yarn lockfile v1


path-data-parser@0.1.0, path-data-parser@^0.1.0:
  version "0.1.0"
  resolved "https://registry.nlark.com/path-data-parser/download/path-data-parser-0.1.0.tgz#8f5ba5cc70fc7becb3dcefaea08e2659aba60b8c"
  integrity sha1-j1ulzHD8e+yz3O+uoI4mWaumC4w=

points-on-curve@0.2.0, points-on-curve@^0.2.0:
  version "0.2.0"
  resolved "https://registry.nlark.com/points-on-curve/download/points-on-curve-0.2.0.tgz#7dbb98c43791859434284761330fa893cb81b4d1"
  integrity sha1-fbuYxDeRhZQ0KEdhMw+ok8uBtNE=

points-on-path@^0.2.1:
  version "0.2.1"
  resolved "https://registry.nlark.com/points-on-path/download/points-on-path-0.2.1.tgz#553202b5424c53bed37135b318858eacff85dd52"
  integrity sha1-VTICtUJMU77TcTWzGIWOrP+F3VI=
  dependencies:
    path-data-parser "0.1.0"
    points-on-curve "0.2.0"

roughjs@^4.4.1:
  version "4.4.1"
  resolved "https://registry.nlark.com/roughjs/download/roughjs-4.4.1.tgz#3af79db6abdcb0f32764d1138f99dc9e01027736"
  integrity sha1-OvedtqvcsPMnZNETj5ncngECdzY=
  dependencies:
    path-data-parser "^0.1.0"
    points-on-curve "^0.2.0"
    points-on-path "^0.2.1"

three@^0.128.0:
  version "0.128.0"
  resolved "https://registry.nlark.com/three/download/three-0.128.0.tgz?cache=0&sync_timestamp=1619177927305&other_urls=https%3A%2F%2Fregistry.nlark.com%2Fthree%2Fdownload%2Fthree-0.128.0.tgz#884dacca6a330e45600a09ec5439283f50b76aa6"
  integrity sha1-iE2symozDkVgCgnsVDkoP1C3aqY=
